PODS:
  - UMAdapter (0.1.0):
    - UMCCommon
  - UMCCommon (1.5.2)

DEPENDENCIES:
  - UMAdapter (from `../`)

SPEC REPOS:
  https://github.com/cocoapods/specs.git:
    - UMCCommon

EXTERNAL SOURCES:
  UMAdapter:
    :path: "../"

SPEC CHECKSUMS:
  UMAdapter: 69de29029106991c2f4dd038f8ffc045ac9bdc65
  UMCCommon: 4392868ac47ff1b101663106bb114ba616fabbad

PODFILE CHECKSUM: 4c0312a1ae8d677ef3b8aab0baa38fdb7511443a

COCOAPODS: 1.6.0.beta.2
